
Microsoft Visual Studio Solution File, Format Version 12.00
# Visual Studio Version 16
VisualStudioVersion = 16.0.32126.315
MinimumVisualStudioVersion = 10.0.40219.1
Project("{FAE04EC0-301F-11D3-BF4B-00C04F79EFBC}") = "View", "Process-Based-Activty-Manager\View.csproj", "{E1CAFF94-4D96-45D0-8221-A9A5CEE81D69}"
EndProject
Project("{FAE04EC0-301F-11D3-BF4B-00C04F79EFBC}") = "Model", "Model\Model.csproj", "{BD4797F7-322C-460B-A99F-2E05AB479140}"
EndProject
Project("{FAE04EC0-301F-11D3-BF4B-00C04F79EFBC}") = "Presenter", "Controller\Presenter.csproj", "{3FCE1A3F-28AF-400D-8C87-D7F030711466}"
EndProject
Project("{FAE04EC0-301F-11D3-BF4B-00C04F79EFBC}") = "ActivityTracker", "ActivityTracker\ActivityTracker.csproj", "{978A5DD3-CF6C-4EB4-9B5B-2FAAAE00F6C9}"
EndProject
Project("{FAE04EC0-301F-11D3-BF4B-00C04F79EFBC}") = "Commons", "Commons\Commons.csproj", "{3949AA7A-7949-4B87-BAAD-59F54832EC1E}"
EndProject
Global
	GlobalSection(SolutionConfigurationPlatforms) = preSolution
		Debug|Any CPU = Debug|Any CPU
		Release|Any CPU = Release|Any CPU
	EndGlobalSection
	GlobalSection(ProjectConfigurationPlatforms) = postSolution
		{E1CAFF94-4D96-45D0-8221-A9A5CEE81D69}.Debug|Any CPU.ActiveCfg = Debug|Any CPU
		{E1CAFF94-4D96-45D0-8221-A9A5CEE81D69}.Debug|Any CPU.Build.0 = Debug|Any CPU
		{E1CAFF94-4D96-45D0-8221-A9A5CEE81D69}.Release|Any CPU.ActiveCfg = Release|Any CPU
		{E1CAFF94-4D96-45D0-8221-A9A5CEE81D69}.Release|Any CPU.Build.0 = Release|Any CPU
		{BD4797F7-322C-460B-A99F-2E05AB479140}.Debug|Any CPU.ActiveCfg = Debug|Any CPU
		{BD4797F7-322C-460B-A99F-2E05AB479140}.Debug|Any CPU.Build.0 = Debug|Any CPU
		{BD4797F7-322C-460B-A99F-2E05AB479140}.Release|Any CPU.ActiveCfg = Release|Any CPU
		{BD4797F7-322C-460B-A99F-2E05AB479140}.Release|Any CPU.Build.0 = Release|Any CPU
		{3FCE1A3F-28AF-400D-8C87-D7F030711466}.Debug|Any CPU.ActiveCfg = Debug|Any CPU
		{3FCE1A3F-28AF-400D-8C87-D7F030711466}.Debug|Any CPU.Build.0 = Debug|Any CPU
		{3FCE1A3F-28AF-400D-8C87-D7F030711466}.Release|Any CPU.ActiveCfg = Release|Any CPU
		{3FCE1A3F-28AF-400D-8C87-D7F030711466}.Release|Any CPU.Build.0 = Release|Any CPU
		{978A5DD3-CF6C-4EB4-9B5B-2FAAAE00F6C9}.Debug|Any CPU.ActiveCfg = Debug|Any CPU
		{978A5DD3-CF6C-4EB4-9B5B-2FAAAE00F6C9}.Debug|Any CPU.Build.0 = Debug|Any CPU
		{978A5DD3-CF6C-4EB4-9B5B-2FAAAE00F6C9}.Release|Any CPU.ActiveCfg = Release|Any CPU
		{978A5DD3-CF6C-4EB4-9B5B-2FAAAE00F6C9}.Release|Any CPU.Build.0 = Release|Any CPU
		{3949AA7A-7949-4B87-BAAD-59F54832EC1E}.Debug|Any CPU.ActiveCfg = Debug|Any CPU
		{3949AA7A-7949-4B87-BAAD-59F54832EC1E}.Debug|Any CPU.Build.0 = Debug|Any CPU
		{3949AA7A-7949-4B87-BAAD-59F54832EC1E}.Release|Any CPU.ActiveCfg = Release|Any CPU
		{3949AA7A-7949-4B87-BAAD-59F54832EC1E}.Release|Any CPU.Build.0 = Release|Any CPU
	EndGlobalSection
	GlobalSection(SolutionProperties) = preSolution
		HideSolutionNode = FALSE
	EndGlobalSection
	GlobalSection(ExtensibilityGlobals) = postSolution
		SolutionGuid = {46245033-953E-4520-9608-C09D302708A0}
	EndGlobalSection
EndGlobal
